
Microsoft Visual Studio Solution File, Format Version 12.00
# Visual Studio 15
VisualStudioVersion = 15.0.28307.421
MinimumVisualStudioVersion = 10.0.40219.1
Project("{FAE04EC0-301F-11D3-BF4B-00C04F79EFBC}") = "Assignment2", "Assignment2\Assignment2.csproj", "{B4FC10E4-1695-4D3D-92E3-FAEAEDC83280}"
EndProject
Global
	GlobalSection(SolutionConfigurationPlatforms) = preSolution
		Debug|Any CPU = Debug|Any CPU
		Release|Any CPU = Release|Any CPU
	EndGlobalSection
	GlobalSection(ProjectConfigurationPlatforms) = postSolution
		{B4FC10E4-1695-4D3D-92E3-FAEAEDC83280}.Debug|Any CPU.ActiveCfg = Debug|Any CPU
		{B4FC10E4-1695-4D3D-92E3-FAEAEDC83280}.Debug|Any CPU.Build.0 = Debug|Any CPU
		{B4FC10E4-1695-4D3D-92E3-FAEAEDC83280}.Release|Any CPU.ActiveCfg = Release|Any CPU
		{B4FC10E4-1695-4D3D-92E3-FAEAEDC83280}.Release|Any CPU.Build.0 = Release|Any CPU
	EndGlobalSection
	GlobalSection(SolutionProperties) = preSolution
		HideSolutionNode = FALSE
	EndGlobalSection
	GlobalSection(ExtensibilityGlobals) = postSolution
		SolutionGuid = {B593E9C6-D0F1-4818-BB9E-F84F18B4D846}
	EndGlobalSection
EndGlobal
